
Microsoft Visual Studio Solution File, Format Version 12.00
# Visual Studio 15
VisualStudioVersion = 15.0.28307.106
MinimumVisualStudioVersion = 10.0.40219.1
Project("{FAE04EC0-301F-11D3-BF4B-00C04F79EFBC}") = "LongRunningConsole", "LongRunningConsole\LongRunningConsole.csproj", "{E014FE70-7BE4-4BD3-952C-7FB9966B26F4}"
EndProject
Global
	GlobalSection(SolutionConfigurationPlatforms) = preSolution
		Debug|Any CPU = Debug|Any CPU
		Release|Any CPU = Release|Any CPU
	EndGlobalSection
	GlobalSection(ProjectConfigurationPlatforms) = postSolution
		{E014FE70-7BE4-4BD3-952C-7FB9966B26F4}.Debug|Any CPU.ActiveCfg = Debug|Any CPU
		{E014FE70-7BE4-4BD3-952C-7FB9966B26F4}.Debug|Any CPU.Build.0 = Debug|Any CPU
		{E014FE70-7BE4-4BD3-952C-7FB9966B26F4}.Release|Any CPU.ActiveCfg = Release|Any CPU
		{E014FE70-7BE4-4BD3-952C-7FB9966B26F4}.Release|Any CPU.Build.0 = Release|Any CPU
	EndGlobalSection
	GlobalSection(SolutionProperties) = preSolution
		HideSolutionNode = FALSE
	EndGlobalSection
	GlobalSection(ExtensibilityGlobals) = postSolution
		SolutionGuid = {80D98A97-912B-4F0F-B932-410F24D4871A}
	EndGlobalSection
EndGlobal
